
Microsoft Visual Studio Solution File, Format Version 12.00
# Visual Studio Version 16
VisualStudioVersion = 16.0.30413.136
MinimumVisualStudioVersion = 10.0.40219.1
Project("{FAE04EC0-301F-11D3-BF4B-00C04F79EFBC}") = "ProyectoEscritorio", "ProyectoEscritorio\ProyectoEscritorio.csproj", "{C81705AE-BDDB-4E15-99E7-471BD953CAE8}"
EndProject
Project("{FAE04EC0-301F-11D3-BF4B-00C04F79EFBC}") = "ProyectoLibreriadeClases", "ProyectoLibreriadeClases\ProyectoLibreriadeClases.csproj", "{440AD885-F528-4A08-82E8-B5928BE683B4}"
EndProject
Global
	GlobalSection(SolutionConfigurationPlatforms) = preSolution
		Debug|Any CPU = Debug|Any CPU
		Release|Any CPU = Release|Any CPU
	EndGlobalSection
	GlobalSection(ProjectConfigurationPlatforms) = postSolution
		{C81705AE-BDDB-4E15-99E7-471BD953CAE8}.Debug|Any CPU.ActiveCfg = Debug|Any CPU
		{C81705AE-BDDB-4E15-99E7-471BD953CAE8}.Debug|Any CPU.Build.0 = Debug|Any CPU
		{C81705AE-BDDB-4E15-99E7-471BD953CAE8}.Release|Any CPU.ActiveCfg = Release|Any CPU
		{C81705AE-BDDB-4E15-99E7-471BD953CAE8}.Release|Any CPU.Build.0 = Release|Any CPU
		{440AD885-F528-4A08-82E8-B5928BE683B4}.Debug|Any CPU.ActiveCfg = Debug|Any CPU
		{440AD885-F528-4A08-82E8-B5928BE683B4}.Debug|Any CPU.Build.0 = Debug|Any CPU
		{440AD885-F528-4A08-82E8-B5928BE683B4}.Release|Any CPU.ActiveCfg = Release|Any CPU
		{440AD885-F528-4A08-82E8-B5928BE683B4}.Release|Any CPU.Build.0 = Release|Any CPU
	EndGlobalSection
	GlobalSection(SolutionProperties) = preSolution
		HideSolutionNode = FALSE
	EndGlobalSection
	GlobalSection(ExtensibilityGlobals) = postSolution
		SolutionGuid = {8D9BBA43-1001-408D-A45B-3E8B58EF3BF6}
	EndGlobalSection
EndGlobal
